
Microsoft Visual Studio Solution File, Format Version 12.00
# Visual Studio Version 17
VisualStudioVersion = 17.9.34622.214
MinimumVisualStudioVersion = 10.0.40219.1
Project("{FAE04EC0-301F-11D3-BF4B-00C04F79EFBC}") = "diffit", "diffit\diffit.csproj", "{388EA700-6A06-4316-93BC-B9AA845B203B}"
EndProject
Global
	GlobalSection(SolutionConfigurationPlatforms) = preSolution
		Debug|Any CPU = Debug|Any CPU
		Release|Any CPU = Release|Any CPU
	EndGlobalSection
	GlobalSection(ProjectConfigurationPlatforms) = postSolution
		{388EA700-6A06-4316-93BC-B9AA845B203B}.Debug|Any CPU.ActiveCfg = Debug|Any CPU
		{388EA700-6A06-4316-93BC-B9AA845B203B}.Debug|Any CPU.Build.0 = Debug|Any CPU
		{388EA700-6A06-4316-93BC-B9AA845B203B}.Release|Any CPU.ActiveCfg = Release|Any CPU
		{388EA700-6A06-4316-93BC-B9AA845B203B}.Release|Any CPU.Build.0 = Release|Any CPU
	EndGlobalSection
	GlobalSection(SolutionProperties) = preSolution
		HideSolutionNode = FALSE
	EndGlobalSection
	GlobalSection(ExtensibilityGlobals) = postSolution
		SolutionGuid = {549C37DA-CAFF-4146-91F1-DEED56DA65BF}
	EndGlobalSection
EndGlobal
