
Microsoft Visual Studio Solution File, Format Version 12.00
# Visual Studio Version 17
VisualStudioVersion = 17.9.34622.214
MinimumVisualStudioVersion = 10.0.40219.1
Project("{FAE04EC0-301F-11D3-BF4B-00C04F79EFBC}") = "PlaceDuMarché", "PlaceDuMarché\PlaceDuMarché.csproj", "{2EE14B9C-EB78-4ADB-9B01-FBA95F0339B3}"
EndProject
Global
	GlobalSection(SolutionConfigurationPlatforms) = preSolution
		Debug|Any CPU = Debug|Any CPU
		Release|Any CPU = Release|Any CPU
	EndGlobalSection
	GlobalSection(ProjectConfigurationPlatforms) = postSolution
		{2EE14B9C-EB78-4ADB-9B01-FBA95F0339B3}.Debug|Any CPU.ActiveCfg = Debug|Any CPU
		{2EE14B9C-EB78-4ADB-9B01-FBA95F0339B3}.Debug|Any CPU.Build.0 = Debug|Any CPU
		{2EE14B9C-EB78-4ADB-9B01-FBA95F0339B3}.Release|Any CPU.ActiveCfg = Release|Any CPU
		{2EE14B9C-EB78-4ADB-9B01-FBA95F0339B3}.Release|Any CPU.Build.0 = Release|Any CPU
	EndGlobalSection
	GlobalSection(SolutionProperties) = preSolution
		HideSolutionNode = FALSE
	EndGlobalSection
	GlobalSection(ExtensibilityGlobals) = postSolution
		SolutionGuid = {9F8F149B-8958-4862-A740-12D4E9800874}
	EndGlobalSection
EndGlobal
